
Microsoft Visual Studio Solution File, Format Version 12.00
# Visual Studio Version 17
VisualStudioVersion = 17.9.34728.123
MinimumVisualStudioVersion = 10.0.40219.1
Project("{FAE04EC0-301F-11D3-BF4B-00C04F79EFBC}") = "CLInspection", "CLInspection\CLInspection.csproj", "{1CCF4C0B-2C16-4E11-B299-0C9675D5A5A1}"
	ProjectSection(ProjectDependencies) = postProject
		{20D0FC19-6E08-4E9C-A059-88EC78F1C642} = {20D0FC19-6E08-4E9C-A059-88EC78F1C642}
	EndProjectSection
EndProject
Project("{FAE04EC0-301F-11D3-BF4B-00C04F79EFBC}") = "COM", "..\..\Modules\COM\COM\COM.csproj", "{0E115FE1-6670-4970-B204-BA219E28A9F5}"
EndProject
Project("{FAE04EC0-301F-11D3-BF4B-00C04F79EFBC}") = "COM.Template", "..\..\Modules\COM\COM.Template\COM.Template.csproj", "{27B6896E-852B-4CD8-B7CD-834716ADB3EE}"
EndProject
Project("{FAE04EC0-301F-11D3-BF4B-00C04F79EFBC}") = "Sys.Extensions", "..\..\Modules\Sys.Extensions\Sys.Extensions\Sys.Extensions.csproj", "{C38653F8-460C-4A82-BFBA-389BB3D953AE}"
EndProject
Project("{FAE04EC0-301F-11D3-BF4B-00C04F79EFBC}") = "COM.Service", "..\..\Modules\COM.Service\COM.Service.csproj", "{89CDF392-E7E8-4B03-BD27-3588D2F9ABF1}"
EndProject
Project("{FAE04EC0-301F-11D3-BF4B-00C04F79EFBC}") = "COM.Base", "..\..\Modules\COM\COM.Base\COM.Base.csproj", "{E0E45D02-B8D6-4A3C-B651-6088018E0884}"
EndProject
Project("{FAE04EC0-301F-11D3-BF4B-00C04F79EFBC}") = "Cards", "..\..\Modules\Cards\Cards.csproj", "{06DE814B-926F-468F-BAA4-FBF405DB8C49}"
EndProject
Project("{FAE04EC0-301F-11D3-BF4B-00C04F79EFBC}") = "Services", "Services\Services.csproj", "{DD3F7B87-E552-4D2E-A986-3AB30ED72F3E}"
EndProject
Project("{FAE04EC0-301F-11D3-BF4B-00C04F79EFBC}") = "CLObject", "CLObject\CLObject.csproj", "{0252A4E6-C753-485B-8532-97AD4594ECA5}"
EndProject
Project("{FAE04EC0-301F-11D3-BF4B-00C04F79EFBC}") = "CL.Algorithm", "CLAlgorithm\CL.Algorithm.csproj", "{84EEBC7E-E43E-47AD-AB67-EFEF62FE3A0F}"
EndProject
Project("{FAE04EC0-301F-11D3-BF4B-00C04F79EFBC}") = "CLControls", "CLControls\CLControls.csproj", "{6C483C8D-F55B-4E47-A98E-72D741D20D86}"
EndProject
Project("{FAE04EC0-301F-11D3-BF4B-00C04F79EFBC}") = "DataFormater", "..\..\Modules\DataFormater\DataFormater.csproj", "{345878C4-570C-4D2F-85FD-8C64210C31C0}"
EndProject
Project("{FAE04EC0-301F-11D3-BF4B-00C04F79EFBC}") = "SmileObject", "..\..\Modules\SmileObject\SmileObject.csproj", "{A4FCCA03-6B72-4850-9F76-ED9E834B3CFA}"
EndProject
Project("{FAE04EC0-301F-11D3-BF4B-00C04F79EFBC}") = "MVS", "..\..\Modules\MVS\MVS.csproj", "{2C0FF859-92C6-4C2A-86E3-ED48A170B545}"
EndProject
Project("{FAE04EC0-301F-11D3-BF4B-00C04F79EFBC}") = "BTRS", "..\..\清潔機\Modules\BTRS\BTRS.csproj", "{20D0FC19-6E08-4E9C-A059-88EC78F1C642}"
EndProject
Global
	GlobalSection(SolutionConfigurationPlatforms) = preSolution
		Debug|Any CPU = Debug|Any CPU
		Debug|x64 = Debug|x64
		Debug|x86 = Debug|x86
		Production|Any CPU = Production|Any CPU
		Production|x64 = Production|x64
		Production|x86 = Production|x86
		Release|Any CPU = Release|Any CPU
		Release|x64 = Release|x64
		Release|x86 = Release|x86
	EndGlobalSection
	GlobalSection(ProjectConfigurationPlatforms) = postSolution
		{1CCF4C0B-2C16-4E11-B299-0C9675D5A5A1}.Debug|Any CPU.ActiveCfg = Debug|Any CPU
		{1CCF4C0B-2C16-4E11-B299-0C9675D5A5A1}.Debug|Any CPU.Build.0 = Debug|Any CPU
		{1CCF4C0B-2C16-4E11-B299-0C9675D5A5A1}.Debug|x64.ActiveCfg = Debug|x64
		{1CCF4C0B-2C16-4E11-B299-0C9675D5A5A1}.Debug|x64.Build.0 = Debug|x64
		{1CCF4C0B-2C16-4E11-B299-0C9675D5A5A1}.Debug|x86.ActiveCfg = Debug|Any CPU
		{1CCF4C0B-2C16-4E11-B299-0C9675D5A5A1}.Debug|x86.Build.0 = Debug|Any CPU
		{1CCF4C0B-2C16-4E11-B299-0C9675D5A5A1}.Production|Any CPU.ActiveCfg = Release|Any CPU
		{1CCF4C0B-2C16-4E11-B299-0C9675D5A5A1}.Production|Any CPU.Build.0 = Release|Any CPU
		{1CCF4C0B-2C16-4E11-B299-0C9675D5A5A1}.Production|x64.ActiveCfg = Release|Any CPU
		{1CCF4C0B-2C16-4E11-B299-0C9675D5A5A1}.Production|x64.Build.0 = Release|Any CPU
		{1CCF4C0B-2C16-4E11-B299-0C9675D5A5A1}.Production|x86.ActiveCfg = Release|Any CPU
		{1CCF4C0B-2C16-4E11-B299-0C9675D5A5A1}.Production|x86.Build.0 = Release|Any CPU
		{1CCF4C0B-2C16-4E11-B299-0C9675D5A5A1}.Release|Any CPU.ActiveCfg = Release|Any CPU
		{1CCF4C0B-2C16-4E11-B299-0C9675D5A5A1}.Release|Any CPU.Build.0 = Release|Any CPU
		{1CCF4C0B-2C16-4E11-B299-0C9675D5A5A1}.Release|x64.ActiveCfg = Release|x64
		{1CCF4C0B-2C16-4E11-B299-0C9675D5A5A1}.Release|x64.Build.0 = Release|x64
		{1CCF4C0B-2C16-4E11-B299-0C9675D5A5A1}.Release|x86.ActiveCfg = Release|Any CPU
		{1CCF4C0B-2C16-4E11-B299-0C9675D5A5A1}.Release|x86.Build.0 = Release|Any CPU
		{0E115FE1-6670-4970-B204-BA219E28A9F5}.Debug|Any CPU.ActiveCfg = Debug|Any CPU
		{0E115FE1-6670-4970-B204-BA219E28A9F5}.Debug|Any CPU.Build.0 = Debug|Any CPU
		{0E115FE1-6670-4970-B204-BA219E28A9F5}.Debug|x64.ActiveCfg = Debug|x64
		{0E115FE1-6670-4970-B204-BA219E28A9F5}.Debug|x64.Build.0 = Debug|x64
		{0E115FE1-6670-4970-B204-BA219E28A9F5}.Debug|x86.ActiveCfg = Debug|Any CPU
		{0E115FE1-6670-4970-B204-BA219E28A9F5}.Debug|x86.Build.0 = Debug|Any CPU
		{0E115FE1-6670-4970-B204-BA219E28A9F5}.Production|Any CPU.ActiveCfg = Production|Any CPU
		{0E115FE1-6670-4970-B204-BA219E28A9F5}.Production|Any CPU.Build.0 = Production|Any CPU
		{0E115FE1-6670-4970-B204-BA219E28A9F5}.Production|x64.ActiveCfg = Production|x64
		{0E115FE1-6670-4970-B204-BA219E28A9F5}.Production|x64.Build.0 = Production|x64
		{0E115FE1-6670-4970-B204-BA219E28A9F5}.Production|x86.ActiveCfg = Production|Any CPU
		{0E115FE1-6670-4970-B204-BA219E28A9F5}.Production|x86.Build.0 = Production|Any CPU
		{0E115FE1-6670-4970-B204-BA219E28A9F5}.Release|Any CPU.ActiveCfg = Release|Any CPU
		{0E115FE1-6670-4970-B204-BA219E28A9F5}.Release|Any CPU.Build.0 = Release|Any CPU
		{0E115FE1-6670-4970-B204-BA219E28A9F5}.Release|x64.ActiveCfg = Release|x64
		{0E115FE1-6670-4970-B204-BA219E28A9F5}.Release|x64.Build.0 = Release|x64
		{0E115FE1-6670-4970-B204-BA219E28A9F5}.Release|x86.ActiveCfg = Release|Any CPU
		{0E115FE1-6670-4970-B204-BA219E28A9F5}.Release|x86.Build.0 = Release|Any CPU
		{27B6896E-852B-4CD8-B7CD-834716ADB3EE}.Debug|Any CPU.ActiveCfg = Debug|Any CPU
		{27B6896E-852B-4CD8-B7CD-834716ADB3EE}.Debug|Any CPU.Build.0 = Debug|Any CPU
		{27B6896E-852B-4CD8-B7CD-834716ADB3EE}.Debug|x64.ActiveCfg = Debug|x64
		{27B6896E-852B-4CD8-B7CD-834716ADB3EE}.Debug|x64.Build.0 = Debug|x64
		{27B6896E-852B-4CD8-B7CD-834716ADB3EE}.Debug|x86.ActiveCfg = Debug|x86
		{27B6896E-852B-4CD8-B7CD-834716ADB3EE}.Debug|x86.Build.0 = Debug|x86
		{27B6896E-852B-4CD8-B7CD-834716ADB3EE}.Production|Any CPU.ActiveCfg = Production|Any CPU
		{27B6896E-852B-4CD8-B7CD-834716ADB3EE}.Production|Any CPU.Build.0 = Production|Any CPU
		{27B6896E-852B-4CD8-B7CD-834716ADB3EE}.Production|x64.ActiveCfg = Production|x64
		{27B6896E-852B-4CD8-B7CD-834716ADB3EE}.Production|x64.Build.0 = Production|x64
		{27B6896E-852B-4CD8-B7CD-834716ADB3EE}.Production|x86.ActiveCfg = Production|x86
		{27B6896E-852B-4CD8-B7CD-834716ADB3EE}.Production|x86.Build.0 = Production|x86
		{27B6896E-852B-4CD8-B7CD-834716ADB3EE}.Release|Any CPU.ActiveCfg = Release|Any CPU
		{27B6896E-852B-4CD8-B7CD-834716ADB3EE}.Release|Any CPU.Build.0 = Release|Any CPU
		{27B6896E-852B-4CD8-B7CD-834716ADB3EE}.Release|x64.ActiveCfg = Release|x64
		{27B6896E-852B-4CD8-B7CD-834716ADB3EE}.Release|x64.Build.0 = Release|x64
		{27B6896E-852B-4CD8-B7CD-834716ADB3EE}.Release|x86.ActiveCfg = Release|x86
		{27B6896E-852B-4CD8-B7CD-834716ADB3EE}.Release|x86.Build.0 = Release|x86
		{C38653F8-460C-4A82-BFBA-389BB3D953AE}.Debug|Any CPU.ActiveCfg = Debug|Any CPU
		{C38653F8-460C-4A82-BFBA-389BB3D953AE}.Debug|Any CPU.Build.0 = Debug|Any CPU
		{C38653F8-460C-4A82-BFBA-389BB3D953AE}.Debug|x64.ActiveCfg = Debug|x64
		{C38653F8-460C-4A82-BFBA-389BB3D953AE}.Debug|x64.Build.0 = Debug|x64
		{C38653F8-460C-4A82-BFBA-389BB3D953AE}.Debug|x86.ActiveCfg = Debug|x86
		{C38653F8-460C-4A82-BFBA-389BB3D953AE}.Debug|x86.Build.0 = Debug|x86
		{C38653F8-460C-4A82-BFBA-389BB3D953AE}.Production|Any CPU.ActiveCfg = Production|Any CPU
		{C38653F8-460C-4A82-BFBA-389BB3D953AE}.Production|Any CPU.Build.0 = Production|Any CPU
		{C38653F8-460C-4A82-BFBA-389BB3D953AE}.Production|x64.ActiveCfg = Production|x64
		{C38653F8-460C-4A82-BFBA-389BB3D953AE}.Production|x64.Build.0 = Production|x64
		{C38653F8-460C-4A82-BFBA-389BB3D953AE}.Production|x86.ActiveCfg = Production|x86
		{C38653F8-460C-4A82-BFBA-389BB3D953AE}.Production|x86.Build.0 = Production|x86
		{C38653F8-460C-4A82-BFBA-389BB3D953AE}.Release|Any CPU.ActiveCfg = Release|Any CPU
		{C38653F8-460C-4A82-BFBA-389BB3D953AE}.Release|Any CPU.Build.0 = Release|Any CPU
		{C38653F8-460C-4A82-BFBA-389BB3D953AE}.Release|x64.ActiveCfg = Release|x64
		{C38653F8-460C-4A82-BFBA-389BB3D953AE}.Release|x64.Build.0 = Release|x64
		{C38653F8-460C-4A82-BFBA-389BB3D953AE}.Release|x86.ActiveCfg = Release|x86
		{C38653F8-460C-4A82-BFBA-389BB3D953AE}.Release|x86.Build.0 = Release|x86
		{89CDF392-E7E8-4B03-BD27-3588D2F9ABF1}.Debug|Any CPU.ActiveCfg = Debug|Any CPU
		{89CDF392-E7E8-4B03-BD27-3588D2F9ABF1}.Debug|Any CPU.Build.0 = Debug|Any CPU
		{89CDF392-E7E8-4B03-BD27-3588D2F9ABF1}.Debug|x64.ActiveCfg = Debug|x64
		{89CDF392-E7E8-4B03-BD27-3588D2F9ABF1}.Debug|x64.Build.0 = Debug|x64
		{89CDF392-E7E8-4B03-BD27-3588D2F9ABF1}.Debug|x86.ActiveCfg = Debug|Any CPU
		{89CDF392-E7E8-4B03-BD27-3588D2F9ABF1}.Debug|x86.Build.0 = Debug|Any CPU
		{89CDF392-E7E8-4B03-BD27-3588D2F9ABF1}.Production|Any CPU.ActiveCfg = Debug|Any CPU
		{89CDF392-E7E8-4B03-BD27-3588D2F9ABF1}.Production|Any CPU.Build.0 = Debug|Any CPU
		{89CDF392-E7E8-4B03-BD27-3588D2F9ABF1}.Production|x64.ActiveCfg = Debug|x64
		{89CDF392-E7E8-4B03-BD27-3588D2F9ABF1}.Production|x64.Build.0 = Debug|x64
		{89CDF392-E7E8-4B03-BD27-3588D2F9ABF1}.Production|x86.ActiveCfg = Debug|Any CPU
		{89CDF392-E7E8-4B03-BD27-3588D2F9ABF1}.Production|x86.Build.0 = Debug|Any CPU
		{89CDF392-E7E8-4B03-BD27-3588D2F9ABF1}.Release|Any CPU.ActiveCfg = Release|Any CPU
		{89CDF392-E7E8-4B03-BD27-3588D2F9ABF1}.Release|Any CPU.Build.0 = Release|Any CPU
		{89CDF392-E7E8-4B03-BD27-3588D2F9ABF1}.Release|x64.ActiveCfg = Release|x64
		{89CDF392-E7E8-4B03-BD27-3588D2F9ABF1}.Release|x64.Build.0 = Release|x64
		{89CDF392-E7E8-4B03-BD27-3588D2F9ABF1}.Release|x86.ActiveCfg = Release|Any CPU
		{89CDF392-E7E8-4B03-BD27-3588D2F9ABF1}.Release|x86.Build.0 = Release|Any CPU
		{E0E45D02-B8D6-4A3C-B651-6088018E0884}.Debug|Any CPU.ActiveCfg = Debug|Any CPU
		{E0E45D02-B8D6-4A3C-B651-6088018E0884}.Debug|Any CPU.Build.0 = Debug|Any CPU
		{E0E45D02-B8D6-4A3C-B651-6088018E0884}.Debug|x64.ActiveCfg = Debug|x64
		{E0E45D02-B8D6-4A3C-B651-6088018E0884}.Debug|x64.Build.0 = Debug|x64
		{E0E45D02-B8D6-4A3C-B651-6088018E0884}.Debug|x86.ActiveCfg = Debug|x86
		{E0E45D02-B8D6-4A3C-B651-6088018E0884}.Debug|x86.Build.0 = Debug|x86
		{E0E45D02-B8D6-4A3C-B651-6088018E0884}.Production|Any CPU.ActiveCfg = Production|Any CPU
		{E0E45D02-B8D6-4A3C-B651-6088018E0884}.Production|Any CPU.Build.0 = Production|Any CPU
		{E0E45D02-B8D6-4A3C-B651-6088018E0884}.Production|x64.ActiveCfg = Production|x64
		{E0E45D02-B8D6-4A3C-B651-6088018E0884}.Production|x64.Build.0 = Production|x64
		{E0E45D02-B8D6-4A3C-B651-6088018E0884}.Production|x86.ActiveCfg = Production|x86
		{E0E45D02-B8D6-4A3C-B651-6088018E0884}.Production|x86.Build.0 = Production|x86
		{E0E45D02-B8D6-4A3C-B651-6088018E0884}.Release|Any CPU.ActiveCfg = Release|Any CPU
		{E0E45D02-B8D6-4A3C-B651-6088018E0884}.Release|Any CPU.Build.0 = Release|Any CPU
		{E0E45D02-B8D6-4A3C-B651-6088018E0884}.Release|x64.ActiveCfg = Release|x64
		{E0E45D02-B8D6-4A3C-B651-6088018E0884}.Release|x64.Build.0 = Release|x64
		{E0E45D02-B8D6-4A3C-B651-6088018E0884}.Release|x86.ActiveCfg = Release|x86
		{E0E45D02-B8D6-4A3C-B651-6088018E0884}.Release|x86.Build.0 = Release|x86
		{06DE814B-926F-468F-BAA4-FBF405DB8C49}.Debug|Any CPU.ActiveCfg = Debug|Any CPU
		{06DE814B-926F-468F-BAA4-FBF405DB8C49}.Debug|Any CPU.Build.0 = Debug|Any CPU
		{06DE814B-926F-468F-BAA4-FBF405DB8C49}.Debug|x64.ActiveCfg = Debug|x64
		{06DE814B-926F-468F-BAA4-FBF405DB8C49}.Debug|x64.Build.0 = Debug|x64
		{06DE814B-926F-468F-BAA4-FBF405DB8C49}.Debug|x86.ActiveCfg = Debug|Any CPU
		{06DE814B-926F-468F-BAA4-FBF405DB8C49}.Debug|x86.Build.0 = Debug|Any CPU
		{06DE814B-926F-468F-BAA4-FBF405DB8C49}.Production|Any CPU.ActiveCfg = Production|Any CPU
		{06DE814B-926F-468F-BAA4-FBF405DB8C49}.Production|Any CPU.Build.0 = Production|Any CPU
		{06DE814B-926F-468F-BAA4-FBF405DB8C49}.Production|x64.ActiveCfg = Production|x64
		{06DE814B-926F-468F-BAA4-FBF405DB8C49}.Production|x64.Build.0 = Production|x64
		{06DE814B-926F-468F-BAA4-FBF405DB8C49}.Production|x86.ActiveCfg = Production|Any CPU
		{06DE814B-926F-468F-BAA4-FBF405DB8C49}.Production|x86.Build.0 = Production|Any CPU
		{06DE814B-926F-468F-BAA4-FBF405DB8C49}.Release|Any CPU.ActiveCfg = Release|Any CPU
		{06DE814B-926F-468F-BAA4-FBF405DB8C49}.Release|Any CPU.Build.0 = Release|Any CPU
		{06DE814B-926F-468F-BAA4-FBF405DB8C49}.Release|x64.ActiveCfg = Release|x64
		{06DE814B-926F-468F-BAA4-FBF405DB8C49}.Release|x64.Build.0 = Release|x64
		{06DE814B-926F-468F-BAA4-FBF405DB8C49}.Release|x86.ActiveCfg = Release|Any CPU
		{06DE814B-926F-468F-BAA4-FBF405DB8C49}.Release|x86.Build.0 = Release|Any CPU
		{DD3F7B87-E552-4D2E-A986-3AB30ED72F3E}.Debug|Any CPU.ActiveCfg = Debug|Any CPU
		{DD3F7B87-E552-4D2E-A986-3AB30ED72F3E}.Debug|Any CPU.Build.0 = Debug|Any CPU
		{DD3F7B87-E552-4D2E-A986-3AB30ED72F3E}.Debug|x64.ActiveCfg = Debug|x64
		{DD3F7B87-E552-4D2E-A986-3AB30ED72F3E}.Debug|x64.Build.0 = Debug|x64
		{DD3F7B87-E552-4D2E-A986-3AB30ED72F3E}.Debug|x86.ActiveCfg = Debug|Any CPU
		{DD3F7B87-E552-4D2E-A986-3AB30ED72F3E}.Debug|x86.Build.0 = Debug|Any CPU
		{DD3F7B87-E552-4D2E-A986-3AB30ED72F3E}.Production|Any CPU.ActiveCfg = Debug|Any CPU
		{DD3F7B87-E552-4D2E-A986-3AB30ED72F3E}.Production|Any CPU.Build.0 = Debug|Any CPU
		{DD3F7B87-E552-4D2E-A986-3AB30ED72F3E}.Production|x64.ActiveCfg = Debug|Any CPU
		{DD3F7B87-E552-4D2E-A986-3AB30ED72F3E}.Production|x64.Build.0 = Debug|Any CPU
		{DD3F7B87-E552-4D2E-A986-3AB30ED72F3E}.Production|x86.ActiveCfg = Debug|Any CPU
		{DD3F7B87-E552-4D2E-A986-3AB30ED72F3E}.Production|x86.Build.0 = Debug|Any CPU
		{DD3F7B87-E552-4D2E-A986-3AB30ED72F3E}.Release|Any CPU.ActiveCfg = Release|Any CPU
		{DD3F7B87-E552-4D2E-A986-3AB30ED72F3E}.Release|Any CPU.Build.0 = Release|Any CPU
		{DD3F7B87-E552-4D2E-A986-3AB30ED72F3E}.Release|x64.ActiveCfg = Release|x64
		{DD3F7B87-E552-4D2E-A986-3AB30ED72F3E}.Release|x64.Build.0 = Release|x64
		{DD3F7B87-E552-4D2E-A986-3AB30ED72F3E}.Release|x86.ActiveCfg = Release|Any CPU
		{DD3F7B87-E552-4D2E-A986-3AB30ED72F3E}.Release|x86.Build.0 = Release|Any CPU
		{0252A4E6-C753-485B-8532-97AD4594ECA5}.Debug|Any CPU.ActiveCfg = Debug|Any CPU
		{0252A4E6-C753-485B-8532-97AD4594ECA5}.Debug|Any CPU.Build.0 = Debug|Any CPU
		{0252A4E6-C753-485B-8532-97AD4594ECA5}.Debug|x64.ActiveCfg = Debug|x64
		{0252A4E6-C753-485B-8532-97AD4594ECA5}.Debug|x64.Build.0 = Debug|x64
		{0252A4E6-C753-485B-8532-97AD4594ECA5}.Debug|x86.ActiveCfg = Debug|Any CPU
		{0252A4E6-C753-485B-8532-97AD4594ECA5}.Debug|x86.Build.0 = Debug|Any CPU
		{0252A4E6-C753-485B-8532-97AD4594ECA5}.Production|Any CPU.ActiveCfg = Debug|Any CPU
		{0252A4E6-C753-485B-8532-97AD4594ECA5}.Production|Any CPU.Build.0 = Debug|Any CPU
		{0252A4E6-C753-485B-8532-97AD4594ECA5}.Production|x64.ActiveCfg = Debug|Any CPU
		{0252A4E6-C753-485B-8532-97AD4594ECA5}.Production|x64.Build.0 = Debug|Any CPU
		{0252A4E6-C753-485B-8532-97AD4594ECA5}.Production|x86.ActiveCfg = Debug|Any CPU
		{0252A4E6-C753-485B-8532-97AD4594ECA5}.Production|x86.Build.0 = Debug|Any CPU
		{0252A4E6-C753-485B-8532-97AD4594ECA5}.Release|Any CPU.ActiveCfg = Release|Any CPU
		{0252A4E6-C753-485B-8532-97AD4594ECA5}.Release|Any CPU.Build.0 = Release|Any CPU
		{0252A4E6-C753-485B-8532-97AD4594ECA5}.Release|x64.ActiveCfg = Release|x64
		{0252A4E6-C753-485B-8532-97AD4594ECA5}.Release|x64.Build.0 = Release|x64
		{0252A4E6-C753-485B-8532-97AD4594ECA5}.Release|x86.ActiveCfg = Release|Any CPU
		{0252A4E6-C753-485B-8532-97AD4594ECA5}.Release|x86.Build.0 = Release|Any CPU
		{84EEBC7E-E43E-47AD-AB67-EFEF62FE3A0F}.Debug|Any CPU.ActiveCfg = Debug|Any CPU
		{84EEBC7E-E43E-47AD-AB67-EFEF62FE3A0F}.Debug|Any CPU.Build.0 = Debug|Any CPU
		{84EEBC7E-E43E-47AD-AB67-EFEF62FE3A0F}.Debug|x64.ActiveCfg = Debug|x64
		{84EEBC7E-E43E-47AD-AB67-EFEF62FE3A0F}.Debug|x64.Build.0 = Debug|x64
		{84EEBC7E-E43E-47AD-AB67-EFEF62FE3A0F}.Debug|x86.ActiveCfg = Debug|Any CPU
		{84EEBC7E-E43E-47AD-AB67-EFEF62FE3A0F}.Debug|x86.Build.0 = Debug|Any CPU
		{84EEBC7E-E43E-47AD-AB67-EFEF62FE3A0F}.Production|Any CPU.ActiveCfg = Debug|Any CPU
		{84EEBC7E-E43E-47AD-AB67-EFEF62FE3A0F}.Production|Any CPU.Build.0 = Debug|Any CPU
		{84EEBC7E-E43E-47AD-AB67-EFEF62FE3A0F}.Production|x64.ActiveCfg = Debug|Any CPU
		{84EEBC7E-E43E-47AD-AB67-EFEF62FE3A0F}.Production|x64.Build.0 = Debug|Any CPU
		{84EEBC7E-E43E-47AD-AB67-EFEF62FE3A0F}.Production|x86.ActiveCfg = Debug|Any CPU
		{84EEBC7E-E43E-47AD-AB67-EFEF62FE3A0F}.Production|x86.Build.0 = Debug|Any CPU
		{84EEBC7E-E43E-47AD-AB67-EFEF62FE3A0F}.Release|Any CPU.ActiveCfg = Release|Any CPU
		{84EEBC7E-E43E-47AD-AB67-EFEF62FE3A0F}.Release|Any CPU.Build.0 = Release|Any CPU
		{84EEBC7E-E43E-47AD-AB67-EFEF62FE3A0F}.Release|x64.ActiveCfg = Release|x64
		{84EEBC7E-E43E-47AD-AB67-EFEF62FE3A0F}.Release|x64.Build.0 = Release|x64
		{84EEBC7E-E43E-47AD-AB67-EFEF62FE3A0F}.Release|x86.ActiveCfg = Release|Any CPU
		{84EEBC7E-E43E-47AD-AB67-EFEF62FE3A0F}.Release|x86.Build.0 = Release|Any CPU
		{6C483C8D-F55B-4E47-A98E-72D741D20D86}.Debug|Any CPU.ActiveCfg = Debug|Any CPU
		{6C483C8D-F55B-4E47-A98E-72D741D20D86}.Debug|Any CPU.Build.0 = Debug|Any CPU
		{6C483C8D-F55B-4E47-A98E-72D741D20D86}.Debug|x64.ActiveCfg = Debug|x64
		{6C483C8D-F55B-4E47-A98E-72D741D20D86}.Debug|x64.Build.0 = Debug|x64
		{6C483C8D-F55B-4E47-A98E-72D741D20D86}.Debug|x86.ActiveCfg = Debug|Any CPU
		{6C483C8D-F55B-4E47-A98E-72D741D20D86}.Debug|x86.Build.0 = Debug|Any CPU
		{6C483C8D-F55B-4E47-A98E-72D741D20D86}.Production|Any CPU.ActiveCfg = Debug|Any CPU
		{6C483C8D-F55B-4E47-A98E-72D741D20D86}.Production|Any CPU.Build.0 = Debug|Any CPU
		{6C483C8D-F55B-4E47-A98E-72D741D20D86}.Production|x64.ActiveCfg = Debug|Any CPU
		{6C483C8D-F55B-4E47-A98E-72D741D20D86}.Production|x64.Build.0 = Debug|Any CPU
		{6C483C8D-F55B-4E47-A98E-72D741D20D86}.Production|x86.ActiveCfg = Debug|Any CPU
		{6C483C8D-F55B-4E47-A98E-72D741D20D86}.Production|x86.Build.0 = Debug|Any CPU
		{6C483C8D-F55B-4E47-A98E-72D741D20D86}.Release|Any CPU.ActiveCfg = Release|Any CPU
		{6C483C8D-F55B-4E47-A98E-72D741D20D86}.Release|Any CPU.Build.0 = Release|Any CPU
		{6C483C8D-F55B-4E47-A98E-72D741D20D86}.Release|x64.ActiveCfg = Release|x64
		{6C483C8D-F55B-4E47-A98E-72D741D20D86}.Release|x64.Build.0 = Release|x64
		{6C483C8D-F55B-4E47-A98E-72D741D20D86}.Release|x86.ActiveCfg = Release|Any CPU
		{6C483C8D-F55B-4E47-A98E-72D741D20D86}.Release|x86.Build.0 = Release|Any CPU
		{345878C4-570C-4D2F-85FD-8C64210C31C0}.Debug|Any CPU.ActiveCfg = Debug|Any CPU
		{345878C4-570C-4D2F-85FD-8C64210C31C0}.Debug|Any CPU.Build.0 = Debug|Any CPU
		{345878C4-570C-4D2F-85FD-8C64210C31C0}.Debug|x64.ActiveCfg = Debug|x64
		{345878C4-570C-4D2F-85FD-8C64210C31C0}.Debug|x64.Build.0 = Debug|x64
		{345878C4-570C-4D2F-85FD-8C64210C31C0}.Debug|x86.ActiveCfg = Debug|Any CPU
		{345878C4-570C-4D2F-85FD-8C64210C31C0}.Debug|x86.Build.0 = Debug|Any CPU
		{345878C4-570C-4D2F-85FD-8C64210C31C0}.Production|Any CPU.ActiveCfg = Debug|Any CPU
		{345878C4-570C-4D2F-85FD-8C64210C31C0}.Production|Any CPU.Build.0 = Debug|Any CPU
		{345878C4-570C-4D2F-85FD-8C64210C31C0}.Production|x64.ActiveCfg = Debug|x64
		{345878C4-570C-4D2F-85FD-8C64210C31C0}.Production|x64.Build.0 = Debug|x64
		{345878C4-570C-4D2F-85FD-8C64210C31C0}.Production|x86.ActiveCfg = Debug|Any CPU
		{345878C4-570C-4D2F-85FD-8C64210C31C0}.Production|x86.Build.0 = Debug|Any CPU
		{345878C4-570C-4D2F-85FD-8C64210C31C0}.Release|Any CPU.ActiveCfg = Release|Any CPU
		{345878C4-570C-4D2F-85FD-8C64210C31C0}.Release|Any CPU.Build.0 = Release|Any CPU
		{345878C4-570C-4D2F-85FD-8C64210C31C0}.Release|x64.ActiveCfg = Release|x64
		{345878C4-570C-4D2F-85FD-8C64210C31C0}.Release|x64.Build.0 = Release|x64
		{345878C4-570C-4D2F-85FD-8C64210C31C0}.Release|x86.ActiveCfg = Release|Any CPU
		{345878C4-570C-4D2F-85FD-8C64210C31C0}.Release|x86.Build.0 = Release|Any CPU
		{A4FCCA03-6B72-4850-9F76-ED9E834B3CFA}.Debug|Any CPU.ActiveCfg = Debug|Any CPU
		{A4FCCA03-6B72-4850-9F76-ED9E834B3CFA}.Debug|Any CPU.Build.0 = Debug|Any CPU
		{A4FCCA03-6B72-4850-9F76-ED9E834B3CFA}.Debug|x64.ActiveCfg = Debug|x64
		{A4FCCA03-6B72-4850-9F76-ED9E834B3CFA}.Debug|x64.Build.0 = Debug|x64
		{A4FCCA03-6B72-4850-9F76-ED9E834B3CFA}.Debug|x86.ActiveCfg = Debug|Any CPU
		{A4FCCA03-6B72-4850-9F76-ED9E834B3CFA}.Debug|x86.Build.0 = Debug|Any CPU
		{A4FCCA03-6B72-4850-9F76-ED9E834B3CFA}.Production|Any CPU.ActiveCfg = Production|Any CPU
		{A4FCCA03-6B72-4850-9F76-ED9E834B3CFA}.Production|Any CPU.Build.0 = Production|Any CPU
		{A4FCCA03-6B72-4850-9F76-ED9E834B3CFA}.Production|x64.ActiveCfg = Production|x64
		{A4FCCA03-6B72-4850-9F76-ED9E834B3CFA}.Production|x64.Build.0 = Production|x64
		{A4FCCA03-6B72-4850-9F76-ED9E834B3CFA}.Production|x86.ActiveCfg = Production|Any CPU
		{A4FCCA03-6B72-4850-9F76-ED9E834B3CFA}.Production|x86.Build.0 = Production|Any CPU
		{A4FCCA03-6B72-4850-9F76-ED9E834B3CFA}.Release|Any CPU.ActiveCfg = Release|Any CPU
		{A4FCCA03-6B72-4850-9F76-ED9E834B3CFA}.Release|Any CPU.Build.0 = Release|Any CPU
		{A4FCCA03-6B72-4850-9F76-ED9E834B3CFA}.Release|x64.ActiveCfg = Release|x64
		{A4FCCA03-6B72-4850-9F76-ED9E834B3CFA}.Release|x64.Build.0 = Release|x64
		{A4FCCA03-6B72-4850-9F76-ED9E834B3CFA}.Release|x86.ActiveCfg = Release|Any CPU
		{A4FCCA03-6B72-4850-9F76-ED9E834B3CFA}.Release|x86.Build.0 = Release|Any CPU
		{2C0FF859-92C6-4C2A-86E3-ED48A170B545}.Debug|Any CPU.ActiveCfg = Debug|Any CPU
		{2C0FF859-92C6-4C2A-86E3-ED48A170B545}.Debug|Any CPU.Build.0 = Debug|Any CPU
		{2C0FF859-92C6-4C2A-86E3-ED48A170B545}.Debug|x64.ActiveCfg = Debug|x64
		{2C0FF859-92C6-4C2A-86E3-ED48A170B545}.Debug|x64.Build.0 = Debug|x64
		{2C0FF859-92C6-4C2A-86E3-ED48A170B545}.Debug|x86.ActiveCfg = Debug|Any CPU
		{2C0FF859-92C6-4C2A-86E3-ED48A170B545}.Debug|x86.Build.0 = Debug|Any CPU
		{2C0FF859-92C6-4C2A-86E3-ED48A170B545}.Production|Any CPU.ActiveCfg = Debug|Any CPU
		{2C0FF859-92C6-4C2A-86E3-ED48A170B545}.Production|Any CPU.Build.0 = Debug|Any CPU
		{2C0FF859-92C6-4C2A-86E3-ED48A170B545}.Production|x64.ActiveCfg = Debug|x64
		{2C0FF859-92C6-4C2A-86E3-ED48A170B545}.Production|x64.Build.0 = Debug|x64
		{2C0FF859-92C6-4C2A-86E3-ED48A170B545}.Production|x86.ActiveCfg = Debug|Any CPU
		{2C0FF859-92C6-4C2A-86E3-ED48A170B545}.Production|x86.Build.0 = Debug|Any CPU
		{2C0FF859-92C6-4C2A-86E3-ED48A170B545}.Release|Any CPU.ActiveCfg = Release|Any CPU
		{2C0FF859-92C6-4C2A-86E3-ED48A170B545}.Release|Any CPU.Build.0 = Release|Any CPU
		{2C0FF859-92C6-4C2A-86E3-ED48A170B545}.Release|x64.ActiveCfg = Release|x64
		{2C0FF859-92C6-4C2A-86E3-ED48A170B545}.Release|x64.Build.0 = Release|x64
		{2C0FF859-92C6-4C2A-86E3-ED48A170B545}.Release|x86.ActiveCfg = Release|Any CPU
		{2C0FF859-92C6-4C2A-86E3-ED48A170B545}.Release|x86.Build.0 = Release|Any CPU
		{20D0FC19-6E08-4E9C-A059-88EC78F1C642}.Debug|Any CPU.ActiveCfg = Debug|Any CPU
		{20D0FC19-6E08-4E9C-A059-88EC78F1C642}.Debug|Any CPU.Build.0 = Debug|Any CPU
		{20D0FC19-6E08-4E9C-A059-88EC78F1C642}.Debug|x64.ActiveCfg = Debug|x64
		{20D0FC19-6E08-4E9C-A059-88EC78F1C642}.Debug|x64.Build.0 = Debug|x64
		{20D0FC19-6E08-4E9C-A059-88EC78F1C642}.Debug|x86.ActiveCfg = Debug|Any CPU
		{20D0FC19-6E08-4E9C-A059-88EC78F1C642}.Debug|x86.Build.0 = Debug|Any CPU
		{20D0FC19-6E08-4E9C-A059-88EC78F1C642}.Production|Any CPU.ActiveCfg = Debug|Any CPU
		{20D0FC19-6E08-4E9C-A059-88EC78F1C642}.Production|Any CPU.Build.0 = Debug|Any CPU
		{20D0FC19-6E08-4E9C-A059-88EC78F1C642}.Production|x64.ActiveCfg = Debug|x64
		{20D0FC19-6E08-4E9C-A059-88EC78F1C642}.Production|x64.Build.0 = Debug|x64
		{20D0FC19-6E08-4E9C-A059-88EC78F1C642}.Production|x86.ActiveCfg = Debug|Any CPU
		{20D0FC19-6E08-4E9C-A059-88EC78F1C642}.Production|x86.Build.0 = Debug|Any CPU
		{20D0FC19-6E08-4E9C-A059-88EC78F1C642}.Release|Any CPU.ActiveCfg = Release|Any CPU
		{20D0FC19-6E08-4E9C-A059-88EC78F1C642}.Release|Any CPU.Build.0 = Release|Any CPU
		{20D0FC19-6E08-4E9C-A059-88EC78F1C642}.Release|x64.ActiveCfg = Release|x64
		{20D0FC19-6E08-4E9C-A059-88EC78F1C642}.Release|x64.Build.0 = Release|x64
		{20D0FC19-6E08-4E9C-A059-88EC78F1C642}.Release|x86.ActiveCfg = Release|Any CPU
		{20D0FC19-6E08-4E9C-A059-88EC78F1C642}.Release|x86.Build.0 = Release|Any CPU
	EndGlobalSection
	GlobalSection(SolutionProperties) = preSolution
		HideSolutionNode = FALSE
	EndGlobalSection
	GlobalSection(ExtensibilityGlobals) = postSolution
		SolutionGuid = {30D2368E-D299-488E-91D2-F751199EEC0D}
	EndGlobalSection
EndGlobal
